// !$*UTF8*$!
{
	archiveVersion = 1;
	classes = {
	};
	objectVersion = 55;
	objects = {

/* Begin PBXBuildFile section */
		9125ECCC27571ACF0073767A /* AppDelegate.swift in Sources */ = {isa = PBXBuildFile; fileRef = 9125ECCB27571ACF0073767A /* AppDelegate.swift */; };
		9125ECCE27571ACF0073767A /* SceneDelegate.swift in Sources */ = {isa = PBXBuildFile; fileRef = 9125ECCD27571ACF0073767A /* SceneDelegate.swift */; };
		9125ECD027571ACF0073767A /* ViewController.swift in Sources */ = {isa = PBXBuildFile; fileRef = 9125ECCF27571ACF0073767A /* ViewController.swift */; };
		9125ECD327571ACF0073767A /* Main.storyboard in Resources */ = {isa = PBXBuildFile; fileRef = 9125ECD127571ACF0073767A /* Main.storyboard */; };
		9125ECD527571ACF0073767A /* Assets.xcassets in Resources */ = {isa = PBXBuildFile; fileRef = 9125ECD427571ACF0073767A /* Assets.xcassets */; };
		9125ECD827571ACF0073767A /* LaunchScreen.storyboard in Resources */ = {isa = PBXBuildFile; fileRef = 9125ECD627571ACF0073767A /* LaunchScreen.storyboard */; };
		9125ECE0275868140073767A /* SpeakText.swift in Sources */ = {isa = PBXBuildFile; fileRef = 9125ECDF275868140073767A /* SpeakText.swift */; };
		91489462275A09AE0007722F /* Bundle.swift in Sources */ = {isa = PBXBuildFile; fileRef = 91489461275A09AE0007722F /* Bundle.swift */; };
		914894762766DA480007722F /* WebMessage.swift in Sources */ = {isa = PBXBuildFile; fileRef = 914894752766DA480007722F /* WebMessage.swift */; };
		914894782766DB350007722F /* WebAPIClient.swift in Sources */ = {isa = PBXBuildFile; fileRef = 914894772766DB350007722F /* WebAPIClient.swift */; };
/* End PBXBuildFile section */

/* Begin PBXFileReference section */
		9125ECC827571ACF0073767A /* Announcement.app */ = {isa = PBXFileReference; explicitFileType = wrapper.application; includeInIndex = 0; path = Announcement.app; sourceTree = BUILT_PRODUCTS_DIR; };
		9125ECCB27571ACF0073767A /* AppDelegate.swift */ = {isa = PBXFileReference; lastKnownFileType = sourcecode.swift; path = AppDelegate.swift; sourceTree = "<group>"; };
		9125ECCD27571ACF0073767A /* SceneDelegate.swift */ = {isa = PBXFileReference; lastKnownFileType = sourcecode.swift; path = SceneDelegate.swift; sourceTree = "<group>"; };
		9125ECCF27571ACF0073767A /* ViewController.swift */ = {isa = PBXFileReference; lastKnownFileType = sourcecode.swift; path = ViewController.swift; sourceTree = "<group>"; };
		9125ECD227571ACF0073767A /* Base */ = {isa = PBXFileReference; lastKnownFileType = file.storyboard; name = Base; path = Base.lproj/Main.storyboard; sourceTree = "<group>"; };
		9125ECD427571ACF0073767A /* Assets.xcassets */ = {isa = PBXFileReference; lastKnownFileType = folder.assetcatalog; path = Assets.xcassets; sourceTree = "<group>"; };
		9125ECD727571ACF0073767A /* Base */ = {isa = PBXFileReference; lastKnownFileType = file.storyboard; name = Base; path = Base.lproj/LaunchScreen.storyboard; sourceTree = "<group>"; };
		9125ECD927571ACF0073767A /* Info.plist */ = {isa = PBXFileReference; lastKnownFileType = text.plist.xml; path = Info.plist; sourceTree = "<group>"; };
		9125ECDF275868140073767A /* SpeakText.swift */ = {isa = PBXFileReference; lastKnownFileType = sourcecode.swift; path = SpeakText.swift; sourceTree = "<group>"; };
		91489461275A09AE0007722F /* Bundle.swift */ = {isa = PBXFileReference; fileEncoding = 4; lastKnownFileType = sourcecode.swift; path = Bundle.swift; sourceTree = "<group>"; };
		914894752766DA480007722F /* WebMessage.swift */ = {isa = PBXFileReference; lastKnownFileType = sourcecode.swift; path = WebMessage.swift; sourceTree = "<group>"; };
		914894772766DB350007722F /* WebAPIClient.swift */ = {isa = PBXFileReference; lastKnownFileType = sourcecode.swift; path = WebAPIClient.swift; sourceTree = "<group>"; };
/* End PBXFileReference section */

/* Begin PBXFrameworksBuildPhase section */
		9125ECC527571ACF0073767A /* Frameworks */ = {
			isa = PBXFrameworksBuildPhase;
			buildActionMask = 2147483647;
			files = (
			);
			runOnlyForDeploymentPostprocessing = 0;
		};
/* End PBXFrameworksBuildPhase section */

/* Begin PBXGroup section */
		9125ECBF27571ACF0073767A = {
			isa = PBXGroup;
			children = (
				9125ECCA27571ACF0073767A /* Announcement */,
				9125ECC927571ACF0073767A /* Products */,
			);
			sourceTree = "<group>";
		};
		9125ECC927571ACF0073767A /* Products */ = {
			isa = PBXGroup;
			children = (
				9125ECC827571ACF0073767A /* Announcement.app */,
			);
			name = Products;
			sourceTree = "<group>";
		};
		9125ECCA27571ACF0073767A /* Announcement */ = {
			isa = PBXGroup;
			children = (
				9125ECCB27571ACF0073767A /* AppDelegate.swift */,
				9125ECCD27571ACF0073767A /* SceneDelegate.swift */,
				914894752766DA480007722F /* WebMessage.swift */,
				914894772766DB350007722F /* WebAPIClient.swift */,
				9125ECCF27571ACF0073767A /* ViewController.swift */,
				9125ECDF275868140073767A /* SpeakText.swift */,
				91489461275A09AE0007722F /* Bundle.swift */,
				9125ECD127571ACF0073767A /* Main.storyboard */,
				9125ECD427571ACF0073767A /* Assets.xcassets */,
				9125ECD627571ACF0073767A /* LaunchScreen.storyboard */,
				9125ECD927571ACF0073767A /* Info.plist */,
			);
			path = Announcement;
			sourceTree = "<group>";
		};
/* End PBXGroup section */

/* Begin PBXNativeTarget section */
		9125ECC727571ACF0073767A /* Announcement */ = {
			isa = PBXNativeTarget;
			buildConfigurationList = 9125ECDC27571ACF0073767A /* Build configuration list for PBXNativeTarget "Announcement" */;
			buildPhases = (
				9125ECC427571ACF0073767A /* Sources */,
				9125ECC527571ACF0073767A /* Frameworks */,
				9125ECC627571ACF0073767A /* Resources */,
			);
			buildRules = (
			);
			dependencies = (
			);
			name = Announcement;
			productName = Announcement;
			productReference = 9125ECC827571ACF0073767A /* Announcement.app */;
			productType = "com.apple.product-type.application";
		};
/* End PBXNativeTarget section */

/* Begin PBXProject section */
		9125ECC027571ACF0073767A /* Project object */ = {
			isa = PBXProject;
			attributes = {
				BuildIndependentTargetsInParallel = 1;
				LastSwiftUpdateCheck = 1310;
				LastUpgradeCheck = 1310;
				TargetAttributes = {
					9125ECC727571ACF0073767A = {
						CreatedOnToolsVersion = 13.1;
					};
				};
			};
			buildConfigurationList = 9125ECC327571ACF0073767A /* Build configuration list for PBXProject "Announcement" */;
			compatibilityVersion = "Xcode 13.0";
			developmentRegion = en;
			hasScannedForEncodings = 0;
			knownRegions = (
				en,
				Base,
			);
			mainGroup = 9125ECBF27571ACF0073767A;
			productRefGroup = 9125ECC927571ACF0073767A /* Products */;
			projectDirPath = "";
			projectRoot = "";
			targets = (
				9125ECC727571ACF0073767A /* Announcement */,
			);
		};
/* End PBXProject section */

/* Begin PBXResourcesBuildPhase section */
		9125ECC627571ACF0073767A /* Resources */ = {
			isa = PBXResourcesBuildPhase;
			buildActionMask = 2147483647;
			files = (
				9125ECD827571ACF0073767A /* LaunchScreen.storyboard in Resources */,
				9125ECD527571ACF0073767A /* Assets.xcassets in Resources */,
				9125ECD327571ACF0073767A /* Main.storyboard in Resources */,
			);
			runOnlyForDeploymentPostprocessing = 0;
		};
/* End PBXResourcesBuildPhase section */

/* Begin PBXSourcesBuildPhase section */
		9125ECC427571ACF0073767A /* Sources */ = {
			isa = PBXSourcesBuildPhase;
			buildActionMask = 2147483647;
			files = (
				9125ECD027571ACF0073767A /* ViewController.swift in Sources */,
				91489462275A09AE0007722F /* Bundle.swift in Sources */,
				9125ECCC27571ACF0073767A /* AppDelegate.swift in Sources */,
				9125ECCE27571ACF0073767A /* SceneDelegate.swift in Sources */,
				914894782766DB350007722F /* WebAPIClient.swift in Sources */,
				9125ECE0275868140073767A /* SpeakText.swift in Sources */,
				914894762766DA480007722F /* WebMessage.swift in Sources */,
			);
			runOnlyForDeploymentPostprocessing = 0;
		};
/* End PBXSourcesBuildPhase section */

/* Begin PBXVariantGroup section */
		9125ECD127571ACF0073767A /* Main.storyboard */ = {
			isa = PBXVariantGroup;
			children = (
				9125ECD227571ACF0073767A /* Base */,
			);
			name = Main.storyboard;
			sourceTree = "<group>";
		};
		9125ECD627571ACF0073767A /* LaunchScreen.storyboard */ = {
			isa = PBXVariantGroup;
			children = (
				9125ECD727571ACF0073767A /* Base */,
			);
			name = LaunchScreen.storyboard;
			sourceTree = "<group>";
		};
/* End PBXVariantGroup section */

/* Begin XCBuildConfiguration section */
		9125ECDA27571ACF0073767A /* Debug */ = {
			isa = XCBuildConfiguration;
			buildSettings = {
				ALWAYS_SEARCH_USER_PATHS = NO;
				CLANG_ANALYZER_NONNULL = YES;
				CLANG_ANALYZER_NUMBER_OBJECT_CONVERSION = YES_AGGRESSIVE;
				CLANG_CXX_LANGUAGE_STANDARD = "gnu++17";
				CLANG_CXX_LIBRARY = "libc++";
				CLANG_ENABLE_MODULES = YES;
				CLANG_ENABLE_OBJC_ARC = YES;
				CLANG_ENABLE_OBJC_WEAK = YES;
				CLANG_WARN_BLOCK_CAPTURE_AUTORELEASING = YES;
				CLANG_WARN_BOOL_CONVERSION = YES;
				CLANG_WARN_COMMA = YES;
				CLANG_WARN_CONSTANT_CONVERSION = YES;
				CLANG_WARN_DEPRECATED_OBJC_IMPLEMENTATIONS = YES;
				CLANG_WARN_DIRECT_OBJC_ISA_USAGE = YES_ERROR;
				CLANG_WARN_DOCUMENTATION_COMMENTS = YES;
				CLANG_WARN_EMPTY_BODY = YES;
				CLANG_WARN_ENUM_CONVERSION = YES;
				CLANG_WARN_INFINITE_RECURSION = YES;
				CLANG_WARN_INT_CONVERSION = YES;
				CLANG_WARN_NON_LITERAL_NULL_CONVERSION = YES;
				CLANG_WARN_OBJC_IMPLICIT_RETAIN_SELF = YES;
				CLANG_WARN_OBJC_LITERAL_CONVERSION = YES;
				CLANG_WARN_OBJC_ROOT_CLASS = YES_ERROR;
				CLANG_WARN_QUOTED_INCLUDE_IN_FRAMEWORK_HEADER = YES;
				CLANG_WARN_RANGE_LOOP_ANALYSIS = YES;
				CLANG_WARN_STRICT_PROTOTYPES = YES;
				CLANG_WARN_SUSPICIOUS_MOVE = YES;
				CLANG_WARN_UNGUARDED_AVAILABILITY = YES_AGGRESSIVE;
				CLANG_WARN_UNREACHABLE_CODE = YES;
				CLANG_WARN__DUPLICATE_METHOD_MATCH = YES;
				COPY_PHASE_STRIP = NO;
				DEBUG_INFORMATION_FORMAT = dwarf;
				ENABLE_STRICT_OBJC_MSGSEND = YES;
				ENABLE_TESTABILITY = YES;
				GCC_C_LANGUAGE_STANDARD = gnu11;
				GCC_DYNAMIC_NO_PIC = NO;
				GCC_NO_COMMON_BLOCKS = YES;
				GCC_OPTIMIZATION_LEVEL = 0;
				GCC_PREPROCESSOR_DEFINITIONS = (
					"DEBUG=1",
					"$(inherited)",
				);
				GCC_WARN_64_TO_32_BIT_CONVERSION = YES;
				GCC_WARN_ABOUT_RETURN_TYPE = YES_ERROR;
				GCC_WARN_UNDECLARED_SELECTOR = YES;
				GCC_WARN_UNINITIALIZED_AUTOS = YES_AGGRESSIVE;
				GCC_WARN_UNUSED_FUNCTION = YES;
				GCC_WARN_UNUSED_VARIABLE = YES;
				IPHONEOS_DEPLOYMENT_TARGET = 15.0;
				MTL_ENABLE_DEBUG_INFO = INCLUDE_SOURCE;
				MTL_FAST_MATH = YES;
				ONLY_ACTIVE_ARCH = YES;
				SDKROOT = iphoneos;
				SWIFT_ACTIVE_COMPILATION_CONDITIONS = DEBUG;
				SWIFT_OPTIMIZATION_LEVEL = "-Onone";
			};
			name = Debug;
		};
		9125ECDB27571ACF0073767A /* Release */ = {
			isa = XCBuildConfiguration;
			buildSettings = {
				ALWAYS_SEARCH_USER_PATHS = NO;
				CLANG_ANALYZER_NONNULL = YES;
				CLANG_ANALYZER_NUMBER_OBJECT_CONVERSION = YES_AGGRESSIVE;
				CLANG_CXX_LANGUAGE_STANDARD = "gnu++17";
				CLANG_CXX_LIBRARY = "libc++";
				CLANG_ENABLE_MODULES = YES;
				CLANG_ENABLE_OBJC_ARC = YES;
				CLANG_ENABLE_OBJC_WEAK = YES;
				CLANG_WARN_BLOCK_CAPTURE_AUTORELEASING = YES;
				CLANG_WARN_BOOL_CONVERSION = YES;
				CLANG_WARN_COMMA = YES;
				CLANG_WARN_CONSTANT_CONVERSION = YES;
				CLANG_WARN_DEPRECATED_OBJC_IMPLEMENTATIONS = YES;
				CLANG_WARN_DIRECT_OBJC_ISA_USAGE = YES_ERROR;
				CLANG_WARN_DOCUMENTATION_COMMENTS = YES;
				CLANG_WARN_EMPTY_BODY = YES;
				CLANG_WARN_ENUM_CONVERSION = YES;
				CLANG_WARN_INFINITE_RECURSION = YES;
				CLANG_WARN_INT_CONVERSION = YES;
				CLANG_WARN_NON_LITERAL_NULL_CONVERSION = YES;
				CLANG_WARN_OBJC_IMPLICIT_RETAIN_SELF = YES;
				CLANG_WARN_OBJC_LITERAL_CONVERSION = YES;
				CLANG_WARN_OBJC_ROOT_CLASS = YES_ERROR;
				CLANG_WARN_QUOTED_INCLUDE_IN_FRAMEWORK_HEADER = YES;
				CLANG_WARN_RANGE_LOOP_ANALYSIS = YES;
				CLANG_WARN_STRICT_PROTOTYPES = YES;
				CLANG_WARN_SUSPICIOUS_MOVE = YES;
				CLANG_WARN_UNGUARDED_AVAILABILITY = YES_AGGRESSIVE;
				CLANG_WARN_UNREACHABLE_CODE = YES;
				CLANG_WARN__DUPLICATE_METHOD_MATCH = YES;
				COPY_PHASE_STRIP = NO;
				DEBUG_INFORMATION_FORMAT = "dwarf-with-dsym";
				ENABLE_NS_ASSERTIONS = NO;
				ENABLE_STRICT_OBJC_MSGSEND = YES;
				GCC_C_LANGUAGE_STANDARD = gnu11;
				GCC_NO_COMMON_BLOCKS = YES;
				GCC_WARN_64_TO_32_BIT_CONVERSION = YES;
				GCC_WARN_ABOUT_RETURN_TYPE = YES_ERROR;
				GCC_WARN_UNDECLARED_SELECTOR = YES;
				GCC_WARN_UNINITIALIZED_AUTOS = YES_AGGRESSIVE;
				GCC_WARN_UNUSED_FUNCTION = YES;
				GCC_WARN_UNUSED_VARIABLE = YES;
				IPHONEOS_DEPLOYMENT_TARGET = 15.0;
				MTL_ENABLE_DEBUG_INFO = NO;
				MTL_FAST_MATH = YES;
				SDKROOT = iphoneos;
				SWIFT_COMPILATION_MODE = wholemodule;
				SWIFT_OPTIMIZATION_LEVEL = "-O";
				VALIDATE_PRODUCT = YES;
			};
			name = Release;
		};
		9125ECDD27571ACF0073767A /* Debug */ = {
			isa = XCBuildConfiguration;
			buildSettings = {
				ASSETCATALOG_COMPILER_APPICON_NAME = AppIcon;
				ASSETCATALOG_COMPILER_GLOBAL_ACCENT_COLOR_NAME = AccentColor;
				CODE_SIGN_STYLE = Automatic;
				CURRENT_PROJECT_VERSION = 1;
				DEVELOPMENT_TEAM = 84DGRTT3H7;
				GENERATE_INFOPLIST_FILE = YES;
				INFOPLIST_FILE = Announcement/Info.plist;
				INFOPLIST_KEY_UIApplicationSupportsIndirectInputEvents = YES;
				INFOPLIST_KEY_UILaunchStoryboardName = LaunchScreen;
				INFOPLIST_KEY_UIMainStoryboardFile = Main;
				INFOPLIST_KEY_UISupportedInterfaceOrientations_iPad = "UIInterfaceOrientationPortrait UIInterfaceOrientationPortraitUpsideDown UIInterfaceOrientationLandscapeLeft UIInterfaceOrientationLandscapeRight";
				INFOPLIST_KEY_UISupportedInterfaceOrientations_iPhone = "UIInterfaceOrientationPortrait UIInterfaceOrientationLandscapeLeft UIInterfaceOrientationLandscapeRight";
				IPHONEOS_DEPLOYMENT_TARGET = 14.7;
				LD_RUNPATH_SEARCH_PATHS = (
					"$(inherited)",
					"@executable_path/Frameworks",
				);
				MARKETING_VERSION = 1.0;
				PRODUCT_BUNDLE_IDENTIFIER = jp.yousuke.hasegawa.Sample.Announcement;
				PRODUCT_NAME = "$(TARGET_NAME)";
				SWIFT_EMIT_LOC_STRINGS = YES;
				SWIFT_VERSION = 5.0;
				TARGETED_DEVICE_FAMILY = "1,2";
			};
			name = Debug;
		};
		9125ECDE27571ACF0073767A /* Release */ = {
			isa = XCBuildConfiguration;
			buildSettings = {
				ASSETCATALOG_COMPILER_APPICON_NAME = AppIcon;
				ASSETCATALOG_COMPILER_GLOBAL_ACCENT_COLOR_NAME = AccentColor;
				CODE_SIGN_STYLE = Automatic;
				CURRENT_PROJECT_VERSION = 1;
				DEVELOPMENT_TEAM = 84DGRTT3H7;
				GENERATE_INFOPLIST_FILE = YES;
				INFOPLIST_FILE = Announcement/Info.plist;
				INFOPLIST_KEY_UIApplicationSupportsIndirectInputEvents = YES;
				INFOPLIST_KEY_UILaunchStoryboardName = LaunchScreen;
				INFOPLIST_KEY_UIMainStoryboardFile = Main;
				INFOPLIST_KEY_UISupportedInterfaceOrientations_iPad = "UIInterfaceOrientationPortrait UIInterfaceOrientationPortraitUpsideDown UIInterfaceOrientationLandscapeLeft UIInterfaceOrientationLandscapeRight";
				INFOPLIST_KEY_UISupportedInterfaceOrientations_iPhone = "UIInterfaceOrientationPortrait UIInterfaceOrientationLandscapeLeft UIInterfaceOrientationLandscapeRight";
				IPHONEOS_DEPLOYMENT_TARGET = 14.7;
				LD_RUNPATH_SEARCH_PATHS = (
					"$(inherited)",
					"@executable_path/Frameworks",
				);
				MARKETING_VERSION = 1.0;
				PRODUCT_BUNDLE_IDENTIFIER = jp.yousuke.hasegawa.Sample.Announcement;
				PRODUCT_NAME = "$(TARGET_NAME)";
				SWIFT_EMIT_LOC_STRINGS = YES;
				SWIFT_VERSION = 5.0;
				TARGETED_DEVICE_FAMILY = "1,2";
			};
			name = Release;
		};
/* End XCBuildConfiguration section */

/* Begin XCConfigurationList section */
		9125ECC327571ACF0073767A /* Build configuration list for PBXProject "Announcement" */ = {
			isa = XCConfigurationList;
			buildConfigurations = (
				9125ECDA27571ACF0073767A /* Debug */,
				9125ECDB27571ACF0073767A /* Release */,
			);
			defaultConfigurationIsVisible = 0;
			defaultConfigurationName = Release;
		};
		9125ECDC27571ACF0073767A /* Build configuration list for PBXNativeTarget "Announcement" */ = {
			isa = XCConfigurationList;
			buildConfigurations = (
				9125ECDD27571ACF0073767A /* Debug */,
				9125ECDE27571ACF0073767A /* Release */,
			);
			defaultConfigurationIsVisible = 0;
			defaultConfigurationName = Release;
		};
/* End XCConfigurationList section */
	};
	rootObject = 9125ECC027571ACF0073767A /* Project object */;
}
